
Microsoft Visual Studio Solution File, Format Version 12.00
# Visual Studio 15
VisualStudioVersion = 15.0.27703.2042
MinimumVisualStudioVersion = 10.0.40219.1
Project("{FAE04EC0-301F-11D3-BF4B-00C04F79EFBC}") = "Programmers.TestePratico", "Programmers.TestePratico\Programmers.TestePratico.csproj", "{E3F4A844-B6F5-4585-A0DF-558AD358EAAC}"
EndProject
Project("{FAE04EC0-301F-11D3-BF4B-00C04F79EFBC}") = "Programmers.TestePratico.Tests", "Programmers.TestePratico.Tests\Programmers.TestePratico.Tests.csproj", "{6440CF6B-0AFA-40ED-AEB8-7E5A35F619CB}"
EndProject
Global
	GlobalSection(SolutionConfigurationPlatforms) = preSolution
		Debug|Any CPU = Debug|Any CPU
		Release|Any CPU = Release|Any CPU
	EndGlobalSection
	GlobalSection(ProjectConfigurationPlatforms) = postSolution
		{E3F4A844-B6F5-4585-A0DF-558AD358EAAC}.Debug|Any CPU.ActiveCfg = Debug|Any CPU
		{E3F4A844-B6F5-4585-A0DF-558AD358EAAC}.Debug|Any CPU.Build.0 = Debug|Any CPU
		{E3F4A844-B6F5-4585-A0DF-558AD358EAAC}.Release|Any CPU.ActiveCfg = Release|Any CPU
		{E3F4A844-B6F5-4585-A0DF-558AD358EAAC}.Release|Any CPU.Build.0 = Release|Any CPU
		{6440CF6B-0AFA-40ED-AEB8-7E5A35F619CB}.Debug|Any CPU.ActiveCfg = Debug|Any CPU
		{6440CF6B-0AFA-40ED-AEB8-7E5A35F619CB}.Debug|Any CPU.Build.0 = Debug|Any CPU
		{6440CF6B-0AFA-40ED-AEB8-7E5A35F619CB}.Release|Any CPU.ActiveCfg = Release|Any CPU
		{6440CF6B-0AFA-40ED-AEB8-7E5A35F619CB}.Release|Any CPU.Build.0 = Release|Any CPU
	EndGlobalSection
	GlobalSection(SolutionProperties) = preSolution
		HideSolutionNode = FALSE
	EndGlobalSection
	GlobalSection(ExtensibilityGlobals) = postSolution
		SolutionGuid = {7C015335-B15C-461B-A994-4BC8C643098A}
	EndGlobalSection
EndGlobal
